{
  "name": "@yr/is-equal",
  "version": "1.0.3",
  "lockfileVersion": 1,
  "requires": true,
  "dependencies": {
    "@types/chai": {
      "version": "4.1.2",
      "resolved": "https://registry.npmjs.org/@types/chai/-/chai-4.1.2.tgz",
      "integrity": "sha512-D8uQwKYUw2KESkorZ27ykzXgvkDJYXVEihGklgfp5I4HUP8D6IxtcdLTMB1emjQiWzV7WZ5ihm1cxIzVwjoleQ=="
    },
    "@types/mocha": {
      "version": "5.2.0",
      "resolved": "https://registry.npmjs.org/@types/mocha/-/mocha-5.2.0.tgz",
      "integrity": "sha512-YeDiSEzznwZwwp766SJ6QlrTyBYUGPSIwmREHVTmktUYiT/WADdWtpt9iH0KuUSf8lZLdI4lP0X6PBzPo5//JQ=="
    },
    "ansi-escape-sequences": {
      "version": "3.0.0",
      "resolved": "https://registry.npmjs.org/ansi-escape-sequences/-/ansi-escape-sequences-3.0.0.tgz",
      "integrity": "sha1-HBg5S2r5t2/5pjUJ+kl2af0s5T4=",
      "requires": {
        "array-back": "1.0.4"
      }
    },
    "app-usage-stats": {
      "version": "0.4.1",
      "resolved": "https://registry.npmjs.org/app-usage-stats/-/app-usage-stats-0.4.1.tgz",
      "integrity": "sha1-l+ubibVnj6LdyXk7EphijMIYQp8=",
      "requires": {
        "array-back": "1.0.4",
        "core-js": "2.5.5",
        "feature-detect-es6": "1.4.0",
        "home-path": "1.0.5",
        "test-value": "2.1.0",
        "usage-stats": "0.8.6"
      }
    },
    "array-back": {
      "version": "1.0.4",
      "resolved": "https://registry.npmjs.org/array-back/-/array-back-1.0.4.tgz",
      "integrity": "sha1-ZEun8JX3/898Q7Xw3DnTwfA8Bjs=",
      "requires": {
        "typical": "2.6.1"
      }
    },
    "arrify": {
      "version": "1.0.1",
      "resolved": "https://registry.npmjs.org/arrify/-/arrify-1.0.1.tgz",
      "integrity": "sha1-iYUI2iIm84DfkEcoRWhJwVAaSw0=",
      "dev": true
    },
    "assertion-error": {
      "version": "1.1.0",
      "resolved": "https://registry.npmjs.org/assertion-error/-/assertion-error-1.1.0.tgz",
      "integrity": "sha512-jgsaNduz+ndvGyFt3uSuWqvy4lCnIJiovtouQN5JZHOKCS2QuhEdbcQHFhVksz2N2U9hXJo8odG7ETyWlEeuDw=="
    },
    "balanced-match": {
      "version": "1.0.0",
      "resolved": "https://registry.npmjs.org/balanced-match/-/balanced-match-1.0.0.tgz",
      "integrity": "sha1-ibTRmasr7kneFk6gK4nORi1xt2c="
    },
    "brace-expansion": {
      "version": "1.1.11",
      "resolved": "https://registry.npmjs.org/brace-expansion/-/brace-expansion-1.1.11.tgz",
      "integrity": "sha512-iCuPHDFgrHX7H2vEI/5xpz07zSHB00TpugqhmYtVmMO6518mCuRMoOYFldEBl0g187ufozdaHgWKcYFb61qGiA==",
      "requires": {
        "balanced-match": "1.0.0",
        "concat-map": "0.0.1"
      }
    },
    "browser-stdout": {
      "version": "1.3.1",
      "resolved": "https://registry.npmjs.org/browser-stdout/-/browser-stdout-1.3.1.tgz",
      "integrity": "sha512-qhAVI1+Av2X7qelOfAIYwXONood6XlZE/fXaBSmW/T5SzLAmCgzi+eiWE7fUvbHaeNBQH13UftjpXxsfLkMpgw==",
      "dev": true
    },
    "chai": {
      "version": "4.1.2",
      "resolved": "https://registry.npmjs.org/chai/-/chai-4.1.2.tgz",
      "integrity": "sha1-D2RYS6ZC8PKs4oBiefTwbKI61zw=",
      "requires": {
        "assertion-error": "1.1.0",
        "check-error": "1.0.2",
        "deep-eql": "3.0.1",
        "get-func-name": "2.0.0",
        "pathval": "1.1.0",
        "type-detect": "4.0.8"
      }
    },
    "check-error": {
      "version": "1.0.2",
      "resolved": "https://registry.npmjs.org/check-error/-/check-error-1.0.2.tgz",
      "integrity": "sha1-V00xLt2Iu13YkS6Sht1sCu1KrII="
    },
    "cli-commands": {
      "version": "0.1.0",
      "resolved": "https://registry.npmjs.org/cli-commands/-/cli-commands-0.1.0.tgz",
      "integrity": "sha1-xXysxAa7z57iFkZgcWHtQy71oFo=",
      "requires": {
        "ansi-escape-sequences": "3.0.0",
        "command-line-args": "3.0.5",
        "command-line-commands": "1.0.4",
        "command-line-usage": "3.0.8"
      }
    },
    "color-convert": {
      "version": "1.9.1",
      "resolved": "https://registry.npmjs.org/color-convert/-/color-convert-1.9.1.tgz",
      "integrity": "sha512-mjGanIiwQJskCC18rPR6OmrZ6fm2Lc7PeGFYwCmy5J34wC6F1PzdGL6xeMfmgicfYcNLGuVFA3WzXtIDCQSZxQ==",
      "dev": true,
      "requires": {
        "color-name": "1.1.3"
      }
    },
    "color-name": {
      "version": "1.1.3",
      "resolved": "https://registry.npmjs.org/color-name/-/color-name-1.1.3.tgz",
      "integrity": "sha1-p9BVi9icQveV3UIyj3QIMcpTvCU=",
      "dev": true
    },
    "command-line-args": {
      "version": "3.0.5",
      "resolved": "https://registry.npmjs.org/command-line-args/-/command-line-args-3.0.5.tgz",
      "integrity": "sha1-W9StReeYPlwTRJGOQCgO4mk8WsA=",
      "requires": {
        "array-back": "1.0.4",
        "feature-detect-es6": "1.4.0",
        "find-replace": "1.0.3",
        "typical": "2.6.1"
      }
    },
    "command-line-commands": {
      "version": "1.0.4",
      "resolved": "https://registry.npmjs.org/command-line-commands/-/command-line-commands-1.0.4.tgz",
      "integrity": "sha1-A0+bFntRiK+9z2su+7FQ/IRCwys=",
      "requires": {
        "array-back": "1.0.4",
        "feature-detect-es6": "1.4.0"
      }
    },
    "command-line-tool": {
      "version": "0.6.4",
      "resolved": "https://registry.npmjs.org/command-line-tool/-/command-line-tool-0.6.4.tgz",
      "integrity": "sha1-TBHjcvPkElSGHD/mtTjTx6WxRPM=",
      "requires": {
        "ansi-escape-sequences": "3.0.0",
        "array-back": "1.0.4",
        "command-line-args": "3.0.5",
        "command-line-usage": "3.0.8",
        "feature-detect-es6": "1.4.0",
        "typical": "2.6.1"
      }
    },
    "command-line-usage": {
      "version": "3.0.8",
      "resolved": "https://registry.npmjs.org/command-line-usage/-/command-line-usage-3.0.8.tgz",
      "integrity": "sha1-tqIJeMGzg0d/XBGlKUKLiAv+D00=",
      "requires": {
        "ansi-escape-sequences": "3.0.0",
        "array-back": "1.0.4",
        "feature-detect-es6": "1.4.0",
        "table-layout": "0.3.0",
        "typical": "2.6.1"
      }
    },
    "commander": {
      "version": "2.11.0",
      "resolved": "https://registry.npmjs.org/commander/-/commander-2.11.0.tgz",
      "integrity": "sha512-b0553uYA5YAEGgyYIGYROzKQ7X5RAqedkfjiZxwi0kL1g3bOaBNNZfYkzt/CL0umgD5wc9Jec2FbB98CjkMRvQ==",
      "dev": true
    },
    "concat-map": {
      "version": "0.0.1",
      "resolved": "https://registry.npmjs.org/concat-map/-/concat-map-0.0.1.tgz",
      "integrity": "sha1-2Klr13/Wjfd5OnMDajug1UBdR3s="
    },
    "console-dope": {
      "version": "0.3.6",
      "resolved": "https://registry.npmjs.org/console-dope/-/console-dope-0.3.6.tgz",
      "integrity": "sha1-2G8Ku2okd55VtiiqXRcmT4Esxgw="
    },
    "core-js": {
      "version": "2.5.5",
      "resolved": "https://registry.npmjs.org/core-js/-/core-js-2.5.5.tgz",
      "integrity": "sha1-sU3ek2xkDAV5prUMq8wTLdYSfjs="
    },
    "debug": {
      "version": "3.1.0",
      "resolved": "https://registry.npmjs.org/debug/-/debug-3.1.0.tgz",
      "integrity": "sha512-OX8XqP7/1a9cqkxYw2yXss15f26NKWBpDXQd0/uK/KPqdQhxbPa994hnzjcE2VqQpDslf55723cKPUOGSmMY3g==",
      "dev": true,
      "requires": {
        "ms": "2.0.0"
      }
    },
    "deep-eql": {
      "version": "3.0.1",
      "resolved": "https://registry.npmjs.org/deep-eql/-/deep-eql-3.0.1.tgz",
      "integrity": "sha512-+QeIQyN5ZuO+3Uk5DYh6/1eKO0m0YmJFGNmFHGACpf1ClL1nmlV/p4gNgbl2pJGxgXb4faqo6UE+M5ACEMyVcw==",
      "requires": {
        "type-detect": "4.0.8"
      }
    },
    "deep-extend": {
      "version": "0.4.2",
      "resolved": "https://registry.npmjs.org/deep-extend/-/deep-extend-0.4.2.tgz",
      "integrity": "sha1-SLaZwn4zS/ifEIkr5DL25MfTSn8="
    },
    "defer-promise": {
      "version": "1.0.1",
      "resolved": "https://registry.npmjs.org/defer-promise/-/defer-promise-1.0.1.tgz",
      "integrity": "sha1-HKb/7dvO8XFd16riXHYW+a4iky8="
    },
    "diff": {
      "version": "3.5.0",
      "resolved": "https://registry.npmjs.org/diff/-/diff-3.5.0.tgz",
      "integrity": "sha512-A46qtFgd+g7pDZinpnwiRJtxbC1hpgf0uzP3iG89scHk0AUC7A1TGxf5OiiOUv/JMZR8GOt8hL900hV0bOy5xA==",
      "dev": true
    },
    "escape-string-regexp": {
      "version": "1.0.5",
      "resolved": "https://registry.npmjs.org/escape-string-regexp/-/escape-string-regexp-1.0.5.tgz",
      "integrity": "sha1-G2HAViGQqN/2rjuyzwIAyhMLhtQ=",
      "dev": true
    },
    "feature-detect-es6": {
      "version": "1.4.0",
      "resolved": "https://registry.npmjs.org/feature-detect-es6/-/feature-detect-es6-1.4.0.tgz",
      "integrity": "sha512-7OnRV38WLydGuGcdm/fGk2SG9uo5ljslBSbPhCfEW5Gl0lX/IliaAVXYiYUBcI0UHTbepqO4T1SkJ74K8gtcDg==",
      "requires": {
        "array-back": "1.0.4"
      }
    },
    "file-set": {
      "version": "1.1.1",
      "resolved": "https://registry.npmjs.org/file-set/-/file-set-1.1.1.tgz",
      "integrity": "sha1-0+xwwIDsjxjyBLod4QZ4DJBWkms=",
      "requires": {
        "array-back": "1.0.4",
        "glob": "7.1.2"
      }
    },
    "find-replace": {
      "version": "1.0.3",
      "resolved": "https://registry.npmjs.org/find-replace/-/find-replace-1.0.3.tgz",
      "integrity": "sha1-uI5zZNLZyVlVnziMZmcNYTBEH6A=",
      "requires": {
        "array-back": "1.0.4",
        "test-value": "2.1.0"
      }
    },
    "fs.realpath": {
      "version": "1.0.0",
      "resolved": "https://registry.npmjs.org/fs.realpath/-/fs.realpath-1.0.0.tgz",
      "integrity": "sha1-FQStJSMVjKpA20onh8sBQRmU6k8="
    },
    "get-func-name": {
      "version": "2.0.0",
      "resolved": "https://registry.npmjs.org/get-func-name/-/get-func-name-2.0.0.tgz",
      "integrity": "sha1-6td0q+5y4gQJQzoGY2YCPdaIekE="
    },
    "glob": {
      "version": "7.1.2",
      "resolved": "https://registry.npmjs.org/glob/-/glob-7.1.2.tgz",
      "integrity": "sha512-MJTUg1kjuLeQCJ+ccE4Vpa6kKVXkPYJ2mOCQyUuKLcLQsdrMCpBPUi8qVE6+YuaJkozeA9NusTAw3hLr8Xe5EQ==",
      "requires": {
        "fs.realpath": "1.0.0",
        "inflight": "1.0.6",
        "inherits": "2.0.3",
        "minimatch": "3.0.4",
        "once": "1.4.0",
        "path-is-absolute": "1.0.1"
      }
    },
    "growl": {
      "version": "1.10.3",
      "resolved": "https://registry.npmjs.org/growl/-/growl-1.10.3.tgz",
      "integrity": "sha512-hKlsbA5Vu3xsh1Cg3J7jSmX/WaW6A5oBeqzM88oNbCRQFz+zUaXm6yxS4RVytp1scBoJzSYl4YAEOQIt6O8V1Q==",
      "dev": true
    },
    "has-flag": {
      "version": "2.0.0",
      "resolved": "https://registry.npmjs.org/has-flag/-/has-flag-2.0.0.tgz",
      "integrity": "sha1-6CB68cx7MNRGzHC3NLXovhj4jVE=",
      "dev": true
    },
    "he": {
      "version": "1.1.1",
      "resolved": "https://registry.npmjs.org/he/-/he-1.1.1.tgz",
      "integrity": "sha1-k0EP0hsAlzUVH4howvJx80J+I/0=",
      "dev": true
    },
    "home-path": {
      "version": "1.0.5",
      "resolved": "https://registry.npmjs.org/home-path/-/home-path-1.0.5.tgz",
      "integrity": "sha1-eIspgVsS1Tus9XVkhHbm+QQdEz8="
    },
    "inflight": {
      "version": "1.0.6",
      "resolved": "https://registry.npmjs.org/inflight/-/inflight-1.0.6.tgz",
      "integrity": "sha1-Sb1jMdfQLQwJvJEKEHW6gWW1bfk=",
      "requires": {
        "once": "1.4.0",
        "wrappy": "1.0.2"
      }
    },
    "inherits": {
      "version": "2.0.3",
      "resolved": "https://registry.npmjs.org/inherits/-/inherits-2.0.3.tgz",
      "integrity": "sha1-Yzwsg+PaQqUC9SRmAiSA9CCCYd4="
    },
    "lodash.pick": {
      "version": "4.4.0",
      "resolved": "https://registry.npmjs.org/lodash.pick/-/lodash.pick-4.4.0.tgz",
      "integrity": "sha1-UvBWEP/53tQiYRRB7R/BI6AwAbM="
    },
    "make-error": {
      "version": "1.3.4",
      "resolved": "https://registry.npmjs.org/make-error/-/make-error-1.3.4.tgz",
      "integrity": "sha512-0Dab5btKVPhibSalc9QGXb559ED7G7iLjFXBaj9Wq8O3vorueR5K5jaE3hkG6ZQINyhA/JgG6Qk4qdFQjsYV6g==",
      "dev": true
    },
    "minimatch": {
      "version": "3.0.4",
      "resolved": "https://registry.npmjs.org/minimatch/-/minimatch-3.0.4.tgz",
      "integrity": "sha512-yJHVQEhyqPLUTgt9B83PXu6W3rx4MvvHvSUvToogpwoGDOUQ+yDrR0HRot+yOCdCO7u4hX3pWft6kWBBcqh0UA==",
      "requires": {
        "brace-expansion": "1.1.11"
      }
    },
    "minimist": {
      "version": "0.0.8",
      "resolved": "https://registry.npmjs.org/minimist/-/minimist-0.0.8.tgz",
      "integrity": "sha1-hX/Kv8M5fSYluCKCYuhqp6ARsF0=",
      "dev": true
    },
    "mkdirp": {
      "version": "0.5.1",
      "resolved": "https://registry.npmjs.org/mkdirp/-/mkdirp-0.5.1.tgz",
      "integrity": "sha1-MAV0OOrGz3+MR2fzhkjWaX11yQM=",
      "dev": true,
      "requires": {
        "minimist": "0.0.8"
      }
    },
    "mkdirp2": {
      "version": "1.0.3",
      "resolved": "https://registry.npmjs.org/mkdirp2/-/mkdirp2-1.0.3.tgz",
      "integrity": "sha1-zI3YJl8fBuLY9bELblL04FC+0hs="
    },
    "mocha": {
      "version": "5.1.1",
      "resolved": "https://registry.npmjs.org/mocha/-/mocha-5.1.1.tgz",
      "integrity": "sha512-kKKs/H1KrMMQIEsWNxGmb4/BGsmj0dkeyotEvbrAuQ01FcWRLssUNXCEUZk6SZtyJBi6EE7SL0zDDtItw1rGhw==",
      "dev": true,
      "requires": {
        "browser-stdout": "1.3.1",
        "commander": "2.11.0",
        "debug": "3.1.0",
        "diff": "3.5.0",
        "escape-string-regexp": "1.0.5",
        "glob": "7.1.2",
        "growl": "1.10.3",
        "he": "1.1.1",
        "minimatch": "3.0.4",
        "mkdirp": "0.5.1",
        "supports-color": "4.4.0"
      }
    },
    "ms": {
      "version": "2.0.0",
      "resolved": "https://registry.npmjs.org/ms/-/ms-2.0.0.tgz",
      "integrity": "sha1-VgiurfwAvmwpAd9fmGF4jeDVl8g=",
      "dev": true
    },
    "once": {
      "version": "1.4.0",
      "resolved": "https://registry.npmjs.org/once/-/once-1.4.0.tgz",
      "integrity": "sha1-WDsap3WWHUsROsF9nFC6753Xa9E=",
      "requires": {
        "wrappy": "1.0.2"
      }
    },
    "path-is-absolute": {
      "version": "1.0.1",
      "resolved": "https://registry.npmjs.org/path-is-absolute/-/path-is-absolute-1.0.1.tgz",
      "integrity": "sha1-F0uSaHNVNP+8es5r9TpanhtcX18="
    },
    "pathval": {
      "version": "1.1.0",
      "resolved": "https://registry.npmjs.org/pathval/-/pathval-1.1.0.tgz",
      "integrity": "sha1-uULm1L3mUwBe9rcTYd74cn0GReA="
    },
    "prettier": {
      "version": "1.12.1",
      "resolved": "https://registry.npmjs.org/prettier/-/prettier-1.12.1.tgz",
      "integrity": "sha1-wa0g6APndJ+vkFpAnSNn4Gu+cyU="
    },
    "reduce-flatten": {
      "version": "1.0.1",
      "resolved": "https://registry.npmjs.org/reduce-flatten/-/reduce-flatten-1.0.1.tgz",
      "integrity": "sha1-JYx479FT3fk8tWEjf2EYTzaW4yc="
    },
    "renamer": {
      "version": "0.6.1",
      "resolved": "https://registry.npmjs.org/renamer/-/renamer-0.6.1.tgz",
      "integrity": "sha1-Zik64sYi3vQHHlCvihN99Qn/zIw=",
      "requires": {
        "app-usage-stats": "0.4.1",
        "array-back": "1.0.4",
        "command-line-tool": "0.6.4",
        "console-dope": "0.3.6",
        "file-set": "1.1.1",
        "string-tools": "1.0.0",
        "test-value": "2.1.0"
      }
    },
    "req-then": {
      "version": "0.5.1",
      "resolved": "https://registry.npmjs.org/req-then/-/req-then-0.5.1.tgz",
      "integrity": "sha1-McbgtW9N3SrNbeC6G86ne2B5398=",
      "requires": {
        "array-back": "1.0.4",
        "defer-promise": "1.0.1",
        "feature-detect-es6": "1.4.0",
        "lodash.pick": "4.4.0",
        "typical": "2.6.1"
      }
    },
    "rimraf": {
      "version": "2.6.2",
      "resolved": "https://registry.npmjs.org/rimraf/-/rimraf-2.6.2.tgz",
      "integrity": "sha512-lreewLK/BlghmxtfH36YYVg1i8IAce4TI7oao75I1g245+6BctqTVQiBP3YUJ9C6DQOXJmkYR9X9fCLtCOJc5w==",
      "requires": {
        "glob": "7.1.2"
      }
    },
    "string-tools": {
      "version": "1.0.0",
      "resolved": "https://registry.npmjs.org/string-tools/-/string-tools-1.0.0.tgz",
      "integrity": "sha1-xpqdV4iFiZfaZvHZI7pxE+pGa1o="
    },
    "supports-color": {
      "version": "4.4.0",
      "resolved": "https://registry.npmjs.org/supports-color/-/supports-color-4.4.0.tgz",
      "integrity": "sha512-rKC3+DyXWgK0ZLKwmRsrkyHVZAjNkfzeehuFWdGGcqGDTZFH73+RH6S/RDAAxl9GusSjZSUWYLmT9N5pzXFOXQ==",
      "dev": true,
      "requires": {
        "has-flag": "2.0.0"
      }
    },
    "table-layout": {
      "version": "0.3.0",
      "resolved": "https://registry.npmjs.org/table-layout/-/table-layout-0.3.0.tgz",
      "integrity": "sha1-buINxIPbNxs+XIf3BO0vfHmdLJo=",
      "requires": {
        "array-back": "1.0.4",
        "core-js": "2.5.5",
        "deep-extend": "0.4.2",
        "feature-detect-es6": "1.4.0",
        "typical": "2.6.1",
        "wordwrapjs": "2.0.0"
      }
    },
    "test-value": {
      "version": "2.1.0",
      "resolved": "https://registry.npmjs.org/test-value/-/test-value-2.1.0.tgz",
      "integrity": "sha1-Edpv9nDzRxpztiXKTz/c97t0gpE=",
      "requires": {
        "array-back": "1.0.4",
        "typical": "2.6.1"
      }
    },
    "ts-node": {
      "version": "6.0.0",
      "resolved": "https://registry.npmjs.org/ts-node/-/ts-node-6.0.0.tgz",
      "integrity": "sha512-+CQev+4J7BAUNUnW9piRzSfSZZWeFCjgUjMSgGs4+dJ2RZa86NVW9MOlP4e6/kEHTyOqdxHxcIMd7KgmY/ynVw==",
      "dev": true,
      "requires": {
        "arrify": "1.0.1",
        "chalk": "2.4.0",
        "diff": "3.5.0",
        "make-error": "1.3.4",
        "minimist": "1.2.0",
        "mkdirp": "0.5.1",
        "source-map-support": "0.5.4",
        "yn": "2.0.0"
      },
      "dependencies": {
        "ansi-styles": {
          "version": "3.2.1",
          "resolved": "https://registry.npmjs.org/ansi-styles/-/ansi-styles-3.2.1.tgz",
          "integrity": "sha512-VT0ZI6kZRdTh8YyJw3SMbYm/u+NqfsAxEpWO0Pf9sq8/e94WxxOpPKx9FR1FlyCtOVDNOQ+8ntlqFxiRc+r5qA==",
          "dev": true,
          "requires": {
            "color-convert": "1.9.1"
          }
        },
        "chalk": {
          "version": "2.4.0",
          "resolved": "https://registry.npmjs.org/chalk/-/chalk-2.4.0.tgz",
          "integrity": "sha512-Wr/w0f4o9LuE7K53cD0qmbAMM+2XNLzR29vFn5hqko4sxGlUsyy363NvmyGIyk5tpe9cjTr9SJYbysEyPkRnFw==",
          "dev": true,
          "requires": {
            "ansi-styles": "3.2.1",
            "escape-string-regexp": "1.0.5",
            "supports-color": "5.4.0"
          }
        },
        "has-flag": {
          "version": "3.0.0",
          "resolved": "https://registry.npmjs.org/has-flag/-/has-flag-3.0.0.tgz",
          "integrity": "sha1-tdRU3CGZriJWmfNGfloH87lVuv0=",
          "dev": true
        },
        "minimist": {
          "version": "1.2.0",
          "resolved": "https://registry.npmjs.org/minimist/-/minimist-1.2.0.tgz",
          "integrity": "sha1-o1AIsg9BOD7sH7kU9M1d95omQoQ=",
          "dev": true
        },
        "source-map": {
          "version": "0.6.1",
          "resolved": "https://registry.npmjs.org/source-map/-/source-map-0.6.1.tgz",
          "integrity": "sha512-UjgapumWlbMhkBgzT7Ykc5YXUT46F0iKu8SGXq0bcwP5dz/h0Plj6enJqjz1Zbq2l5WaqYnrVbwWOWMyF3F47g==",
          "dev": true
        },
        "source-map-support": {
          "version": "0.5.4",
          "resolved": "https://registry.npmjs.org/source-map-support/-/source-map-support-0.5.4.tgz",
          "integrity": "sha512-PETSPG6BjY1AHs2t64vS2aqAgu6dMIMXJULWFBGbh2Gr8nVLbCFDo6i/RMMvviIQ2h1Z8+5gQhVKSn2je9nmdg==",
          "dev": true,
          "requires": {
            "source-map": "0.6.1"
          }
        },
        "supports-color": {
          "version": "5.4.0",
          "resolved": "https://registry.npmjs.org/supports-color/-/supports-color-5.4.0.tgz",
          "integrity": "sha512-zjaXglF5nnWpsq470jSv6P9DwPvgLkuapYmfDm3JWOm0vkNTVF2tI4UrN2r6jH1qM/uc/WtxYY1hYoA2dOKj5w==",
          "dev": true,
          "requires": {
            "has-flag": "3.0.0"
          }
        }
      }
    },
    "type-detect": {
      "version": "4.0.8",
      "resolved": "https://registry.npmjs.org/type-detect/-/type-detect-4.0.8.tgz",
      "integrity": "sha512-0fr/mIH1dlO+x7TlcMy+bIDqKPsw/70tVyeHW787goQjhmqaZe10uwLujubK9q9Lg6Fiho1KUKDYz0Z7k7g5/g=="
    },
    "typescript": {
      "version": "2.8.3",
      "resolved": "https://registry.npmjs.org/typescript/-/typescript-2.8.3.tgz",
      "integrity": "sha512-K7g15Bb6Ra4lKf7Iq2l/I5/En+hLIHmxWZGq3D4DIRNFxMNV6j2SHSvDOqs2tGd4UvD/fJvrwopzQXjLrT7Itw==",
      "dev": true
    },
    "typical": {
      "version": "2.6.1",
      "resolved": "https://registry.npmjs.org/typical/-/typical-2.6.1.tgz",
      "integrity": "sha1-XAgOXWYcu+OCWdLnCjxyU+hziB0="
    },
    "usage-stats": {
      "version": "0.8.6",
      "resolved": "https://registry.npmjs.org/usage-stats/-/usage-stats-0.8.6.tgz",
      "integrity": "sha512-QS1r7a1h5g1jo6KulvVGV+eQM+Jfj87AjJBfr1iaIJYz+N7+Qh7ezaVFCulwBGd8T1EidRiSYphG17gra2y0kg==",
      "requires": {
        "array-back": "1.0.4",
        "cli-commands": "0.1.0",
        "core-js": "2.5.5",
        "feature-detect-es6": "1.4.0",
        "home-path": "1.0.5",
        "mkdirp2": "1.0.3",
        "req-then": "0.5.1",
        "typical": "2.6.1",
        "uuid": "3.2.1"
      }
    },
    "uuid": {
      "version": "3.2.1",
      "resolved": "https://registry.npmjs.org/uuid/-/uuid-3.2.1.tgz",
      "integrity": "sha512-jZnMwlb9Iku/O3smGWvZhauCf6cvvpKi4BKRiliS3cxnI+Gz9j5MEpTz2UFuXiKPJocb7gnsLHwiS05ige5BEA=="
    },
    "wordwrapjs": {
      "version": "2.0.0",
      "resolved": "https://registry.npmjs.org/wordwrapjs/-/wordwrapjs-2.0.0.tgz",
      "integrity": "sha1-q1X2leYRjak4WP3XDAU9HF4BrCA=",
      "requires": {
        "array-back": "1.0.4",
        "feature-detect-es6": "1.4.0",
        "reduce-flatten": "1.0.1",
        "typical": "2.6.1"
      }
    },
    "wrappy": {
      "version": "1.0.2",
      "resolved": "https://registry.npmjs.org/wrappy/-/wrappy-1.0.2.tgz",
      "integrity": "sha1-tSQ9jz7BqjXxNkYFvA0QNuMKtp8="
    },
    "yn": {
      "version": "2.0.0",
      "resolved": "https://registry.npmjs.org/yn/-/yn-2.0.0.tgz",
      "integrity": "sha1-5a2ryKz0CPY4X8dklWhMiOavaJo=",
      "dev": true
    }
  }
}
